{"1.1.0",
[{<<"fifo_dt">>,{pkg,<<"fifo_dt">>,<<"0.2.11">>},1},
 {<<"fifo_spec">>,{pkg,<<"fifo_spec">>,<<"0.1.32">>},0},
 {<<"fifo_utils">>,{pkg,<<"fifo_utils">>,<<"0.1.38">>},2},
 {<<"goldrush">>,{pkg,<<"goldrush">>,<<"0.1.9">>},1},
 {<<"jsone">>,{pkg,<<"jsone">>,<<"1.4.4">>},3},
 {<<"jsxd">>,{pkg,<<"jsxd">>,<<"0.2.4">>},2},
 {<<"lager">>,{pkg,<<"lager">>,<<"3.5.1">>},0},
 {<<"libsnarlmatch">>,{pkg,<<"libsnarlmatch">>,<<"0.1.8">>},0},
 {<<"mdns_client">>,{pkg,<<"mdns_client">>,<<"0.1.9">>},1},
 {<<"mdns_client_lib">>,{pkg,<<"mdns_client_lib">>,<<"0.1.44">>},0},
 {<<"oauth2">>,{pkg,<<"oauth2_erlang">>,<<"0.6.1">>},0},
 {<<"pooler">>,{pkg,<<"pooler">>,<<"1.5.0">>},1},
 {<<"quickrand">>,{pkg,<<"quickrand">>,<<"1.5.4">>},4},
 {<<"riak_dt">>,{pkg,<<"riak_dt">>,<<"2.1.1">>},2},
 {<<"uuid">>,{pkg,<<"uuid_erl">>,<<"1.5.4">>},3}]}.
[
{pkg_hash,[
 {<<"fifo_dt">>, <<"4453556072CEA4E12FA7AC374FC99E107A68392E845CB7B56245C44C87D31BF9">>},
 {<<"fifo_spec">>, <<"E05CDD62ED2BB6FE72F1B860F1AF44B5D1394E9D172038899870A70CC9E0BAB1">>},
 {<<"fifo_utils">>, <<"0C2B3255442A7ABC6ACB2FD4DF1894861D6740ADDBEEF6B785CB35182A125E4D">>},
 {<<"goldrush">>, <<"F06E5D5F1277DA5C413E84D5A2924174182FB108DABB39D5EC548B27424CD106">>},
 {<<"jsone">>, <<"761691A0B1CE0F4C7E8511B09B5F2CD318C00DA5270395637E4E0D5A7F47BC45">>},
 {<<"jsxd">>, <<"C14114AFCA463F2D03D3FB6CC81FD51CDA8CA86A47E5AC3ABDF0CA572A73A413">>},
 {<<"lager">>, <<"63897A61AF646C59BB928FEE9756CE8BDD02D5A1A2F3551D4A5E38386C2CC071">>},
 {<<"libsnarlmatch">>, <<"198C9628A89CADD38A58F45CF152A6432121F7716ED417BB5980A37455E55C23">>},
 {<<"mdns_client">>, <<"9433FAB5EC530AB18D219EDE037CD1A98C58BCEAA150022F68E0565DFC66D71D">>},
 {<<"mdns_client_lib">>, <<"979B05CA196D449E3EF8A93EFF33915AD4AA35A963A32857163508B43E0BB782">>},
 {<<"oauth2">>, <<"42E449E17F1DFB05B483C38F2DA2504F1CDFFC06F0ACF23773562A6824E8C903">>},
 {<<"pooler">>, <<"0FD4BE5D2976E6A2E9A1617623031758C26F200C1FCA89E4A3C542747BEC6371">>},
 {<<"quickrand">>, <<"47ADD4755CC5F209CBEFFD6F47C84061196CD7FAD99FD8FD12418EB0D06B939D">>},
 {<<"riak_dt">>, <<"56B1898A543C561994F5D052FDEA972525CA98F46FDB3DCDB7366E4F92EE8F54">>},
 {<<"uuid">>, <<"06240EFF3EAF013CC22274689B0C1FF6345645EE5D47A9E4ED7545EEB7698B23">>}]}
].
