[{<<"fifo_dt">>,
  {git,"https://github.com/project-fifo/fifo_dt.git",
       {ref,"a3f57b14cdc65fc815f4212b01bb3c32cc7d0f28"}},
  1},
 {<<"fifo_spec">>,
  {git,"https://github.com/project-fifo/fifo_spec.git",
       {ref,"56db8e12b1e1a62df576aff76ab5371a8de2cecd"}},
  0},
 {<<"goldrush">>,{pkg,<<"goldrush">>,<<"0.1.7">>},1},
 {<<"jsx">>,{pkg,<<"jsx">>,<<"1.4.5">>},2},
 {<<"jsxd">>,{pkg,<<"jsxd">>,<<"0.1.10">>},2},
 {<<"lager">>,{pkg,<<"lager">>,<<"3.0.2">>},0},
 {<<"libsnarlmatch">>,{pkg,<<"libsnarlmatch">>,<<"0.1.7">>},0},
 {<<"mdns_client">>,{pkg,<<"mdns_client">>,<<"0.1.7">>},1},
 {<<"mdns_client_lib">>,{pkg,<<"mdns_client_lib">>,<<"0.1.31">>},0},
 {<<"oauth2">>,
  {git,"https://github.com/project-fifo/oauth2.git",
       {ref,"7f88b8af3b09cad4eb83678cb2bdaed00fce6a76"}},
  0},
 {<<"pooler">>,{pkg,<<"pooler">>,<<"1.4.0">>},1},
 {<<"riak_dt">>,
  {git,"https://github.com/basho/riak_dt.git",
       {ref,"a2986bccd1cc42facdfe739495c6d13762ae0f37"}},
  2},
 {<<"uuid">>,
  {git,"https://github.com/project-fifo/erlang-uuid.git",
       {ref,"c28d740d878e91a075ee3d888ba15131d136e0d2"}},
  2}].
